
Microsoft Visual Studio Solution File, Format Version 12.00
# Visual Studio Version 17
VisualStudioVersion = 17.12.35707.178 d17.12
MinimumVisualStudioVersion = 10.0.40219.1
Project("{FAE04EC0-301F-11D3-BF4B-00C04F79EFBC}") = "ASP_NET_Practice_4", "ASP_NET_Practice_4\ASP_NET_Practice_4.csproj", "{60FB9597-EF0F-4247-A0F9-319AE2F55009}"
EndProject
Global
	GlobalSection(SolutionConfigurationPlatforms) = preSolution
		Debug|Any CPU = Debug|Any CPU
		Release|Any CPU = Release|Any CPU
	EndGlobalSection
	GlobalSection(ProjectConfigurationPlatforms) = postSolution
		{60FB9597-EF0F-4247-A0F9-319AE2F55009}.Debug|Any CPU.ActiveCfg = Debug|Any CPU
		{60FB9597-EF0F-4247-A0F9-319AE2F55009}.Debug|Any CPU.Build.0 = Debug|Any CPU
		{60FB9597-EF0F-4247-A0F9-319AE2F55009}.Release|Any CPU.ActiveCfg = Release|Any CPU
		{60FB9597-EF0F-4247-A0F9-319AE2F55009}.Release|Any CPU.Build.0 = Release|Any CPU
	EndGlobalSection
	GlobalSection(SolutionProperties) = preSolution
		HideSolutionNode = FALSE
	EndGlobalSection
EndGlobal
